
Microsoft Visual Studio Solution File, Format Version 12.00
# Visual Studio Version 17
VisualStudioVersion = 17.10.35027.167
MinimumVisualStudioVersion = 10.0.40219.1
Project("{FAE04EC0-301F-11D3-BF4B-00C04F79EFBC}") = "DictionaryQuiz", "DictionaryQuiz\DictionaryQuiz.csproj", "{63D1864D-5804-493A-AD73-5C77AEF164B9}"
EndProject
Global
	GlobalSection(SolutionConfigurationPlatforms) = preSolution
		Debug|Any CPU = Debug|Any CPU
		Release|Any CPU = Release|Any CPU
	EndGlobalSection
	GlobalSection(ProjectConfigurationPlatforms) = postSolution
		{63D1864D-5804-493A-AD73-5C77AEF164B9}.Debug|Any CPU.ActiveCfg = Debug|Any CPU
		{63D1864D-5804-493A-AD73-5C77AEF164B9}.Debug|Any CPU.Build.0 = Debug|Any CPU
		{63D1864D-5804-493A-AD73-5C77AEF164B9}.Release|Any CPU.ActiveCfg = Release|Any CPU
		{63D1864D-5804-493A-AD73-5C77AEF164B9}.Release|Any CPU.Build.0 = Release|Any CPU
	EndGlobalSection
	GlobalSection(SolutionProperties) = preSolution
		HideSolutionNode = FALSE
	EndGlobalSection
	GlobalSection(ExtensibilityGlobals) = postSolution
		SolutionGuid = {EC86AC62-3AFA-4392-930C-70F40598F38F}
	EndGlobalSection
EndGlobal
